# THIS IS AN AUTOGENERATED FILE. DO NOT EDIT THIS FILE DIRECTLY.
# yarn lockfile v1


cookie-storage@^6.1.0:
  version "6.1.0"
  resolved "https://registry.yarnpkg.com/cookie-storage/-/cookie-storage-6.1.0.tgz#291b2f662d961be44f999626593421cbfcf23790"
  integrity sha512-HeVqbVy8BjXhAAuFtL6MTG+witHoLbxfky2jgVh9FmxmyL6IKa9gSSyPNjevXCCCxPu6Tzd9J8+eXTRQzYU/cg==

copy-text-to-clipboard@^3.0.1:
  version "3.0.1"
  resolved "https://registry.yarnpkg.com/copy-text-to-clipboard/-/copy-text-to-clipboard-3.0.1.tgz#8cbf8f90e0a47f12e4a24743736265d157bce69c"
  integrity sha512-rvVsHrpFcL4F2P8ihsoLdFHmd404+CMg71S756oRSeQgqk51U3kicGdnvfkrxva0xXH92SjGS62B0XIJsbh+9Q==

core-js@^3.11.0:
  version "3.20.0"
  resolved "https://registry.yarnpkg.com/core-js/-/core-js-3.20.0.tgz#1c5ac07986b8d15473ab192e45a2e115a4a95b79"
  integrity sha512-KjbKU7UEfg4YPpskMtMXPhUKn7m/1OdTHTVjy09ScR2LVaoUXe8Jh0UdvN2EKUR6iKTJph52SJP95mAB0MnVLQ==

moment@^2.29.1:
  version "2.29.1"
  resolved "https://registry.yarnpkg.com/moment/-/moment-2.29.1.tgz#b2be769fa31940be9eeea6469c075e35006fa3d3"
  integrity sha512-kHmoybcPV8Sqy59DwNDY3Jefr64lK/by/da0ViFcuA4DH0vQg5Q6Ze5VimxkfQNSC+Mls/Kx53s7TjP1RhFEDQ==

mutation-observer@^1.0.3:
  version "1.0.3"
  resolved "https://registry.yarnpkg.com/mutation-observer/-/mutation-observer-1.0.3.tgz#42e9222b101bca82e5ba9d5a7acf4a14c0f263d0"
  integrity sha512-M/O/4rF2h776hV7qGMZUH3utZLO/jK7p8rnNgGkjKUw8zCGjRQPxB8z6+5l8+VjRUQ3dNYu4vjqXYLr+U8ZVNA==

prettier@^2.5.1:
  version "2.5.1"
  resolved "https://registry.yarnpkg.com/prettier/-/prettier-2.5.1.tgz#fff75fa9d519c54cf0fce328c1017d94546bc56a"
  integrity sha512-vBZcPRUR5MZJwoyi3ZoyQlc1rXeEck8KgeC9AwwOn+exuxLxq5toTRDTSaVrXHxelDMHy9zlicw8u66yxoSUFg==

vconsole@^3.10.0:
  version "3.10.0"
  resolved "https://registry.yarnpkg.com/vconsole/-/vconsole-3.10.0.tgz#ba66fe2ab6c4c5c7dd312f77d392ae1b4fea2802"
  integrity sha512-xXRr+m9jJpUu3GhV6uZc/xm/lNAH9ULzal1VX/NxNlzYT9bNGQFgAuRT0yCZVCHEiZL/lXg7SyqiRUy6IvWv7g==
  dependencies:
    cookie-storage "^6.1.0"
    copy-text-to-clipboard "^3.0.1"
    core-js "^3.11.0"
    mutation-observer "^1.0.3"
