# THIS IS AN AUTOGENERATED FILE. DO NOT EDIT THIS FILE DIRECTLY.
# yarn lockfile v1


"cookie-storage@^6.1.0":
  "integrity" "sha512-HeVqbVy8BjXhAAuFtL6MTG+witHoLbxfky2jgVh9FmxmyL6IKa9gSSyPNjevXCCCxPu6Tzd9J8+eXTRQzYU/cg=="
  "resolved" "https://registry.npmjs.org/cookie-storage/-/cookie-storage-6.1.0.tgz"
  "version" "6.1.0"

"copy-text-to-clipboard@^3.0.1":
  "integrity" "sha512-rvVsHrpFcL4F2P8ihsoLdFHmd404+CMg71S756oRSeQgqk51U3kicGdnvfkrxva0xXH92SjGS62B0XIJsbh+9Q=="
  "resolved" "https://registry.npmjs.org/copy-text-to-clipboard/-/copy-text-to-clipboard-3.0.1.tgz"
  "version" "3.0.1"

"core-js@^3.11.0":
  "integrity" "sha512-btdpStYFQScnNVQ5slVcr858KP0YWYjV16eGJQw8Gg7CWtu/2qNvIM3qVRIR3n1pK2R9NNOrTevbvAYxajwEjg=="
  "resolved" "https://registry.npmjs.org/core-js/-/core-js-3.20.1.tgz"
  "version" "3.20.1"

"moment@^2.29.1":
  "integrity" "sha512-kHmoybcPV8Sqy59DwNDY3Jefr64lK/by/da0ViFcuA4DH0vQg5Q6Ze5VimxkfQNSC+Mls/Kx53s7TjP1RhFEDQ=="
  "resolved" "https://registry.npmjs.org/moment/-/moment-2.29.1.tgz"
  "version" "2.29.1"

"mutation-observer@^1.0.3":
  "integrity" "sha512-M/O/4rF2h776hV7qGMZUH3utZLO/jK7p8rnNgGkjKUw8zCGjRQPxB8z6+5l8+VjRUQ3dNYu4vjqXYLr+U8ZVNA=="
  "resolved" "https://registry.npmjs.org/mutation-observer/-/mutation-observer-1.0.3.tgz"
  "version" "1.0.3"

"prettier@^2.5.1":
  "integrity" "sha512-vBZcPRUR5MZJwoyi3ZoyQlc1rXeEck8KgeC9AwwOn+exuxLxq5toTRDTSaVrXHxelDMHy9zlicw8u66yxoSUFg=="
  "resolved" "https://registry.npmjs.org/prettier/-/prettier-2.5.1.tgz"
  "version" "2.5.1"

"vconsole@^3.10.0":
  "integrity" "sha512-Z4kW8hUwr/2XvWp7rA7JYCWwtu+nk9AsSpqo/Gq8+rSiY+bITZHMjMbV2mC3ApqJ1DZANS9QMik5lHUKI7yCWw=="
  "resolved" "https://registry.npmjs.org/vconsole/-/vconsole-3.10.1.tgz"
  "version" "3.10.1"
  dependencies:
    "cookie-storage" "^6.1.0"
    "copy-text-to-clipboard" "^3.0.1"
    "core-js" "^3.11.0"
    "mutation-observer" "^1.0.3"
